
Microsoft Visual Studio Solution File, Format Version 12.00
# Visual Studio Version 16
VisualStudioVersion = 16.0.30114.105
MinimumVisualStudioVersion = 10.0.40219.1
Project("{2150E333-8FDC-42A3-9474-1A3956D46DE8}") = "src", "src", "{E0C29BC8-2E50-4D50-9D81-C7869674E649}"
EndProject
Project("{2150E333-8FDC-42A3-9474-1A3956D46DE8}") = "services", "services", "{540C0620-CE18-4814-BF6A-D2F70091CDA2}"
EndProject
Project("{FAE04EC0-301F-11D3-BF4B-00C04F79EFBC}") = "PagoEfectivo.Promocion", "src\services\PagoEfectivo.Api\PagoEfectivo.Api.csproj", "{5F6D34AF-2946-4AD0-BCA3-CECCD544B51F}"
EndProject
Global
	GlobalSection(SolutionConfigurationPlatforms) = preSolution
		Debug|Any CPU = Debug|Any CPU
		Release|Any CPU = Release|Any CPU
	EndGlobalSection
	GlobalSection(SolutionProperties) = preSolution
		HideSolutionNode = FALSE
	EndGlobalSection
	GlobalSection(ProjectConfigurationPlatforms) = postSolution
		{5F6D34AF-2946-4AD0-BCA3-CECCD544B51F}.Debug|Any CPU.ActiveCfg = Debug|Any CPU
		{5F6D34AF-2946-4AD0-BCA3-CECCD544B51F}.Debug|Any CPU.Build.0 = Debug|Any CPU
		{5F6D34AF-2946-4AD0-BCA3-CECCD544B51F}.Release|Any CPU.ActiveCfg = Release|Any CPU
		{5F6D34AF-2946-4AD0-BCA3-CECCD544B51F}.Release|Any CPU.Build.0 = Release|Any CPU
	EndGlobalSection
	GlobalSection(NestedProjects) = preSolution
		{540C0620-CE18-4814-BF6A-D2F70091CDA2} = {E0C29BC8-2E50-4D50-9D81-C7869674E649}
		{5F6D34AF-2946-4AD0-BCA3-CECCD544B51F} = {540C0620-CE18-4814-BF6A-D2F70091CDA2}
	EndGlobalSection
EndGlobal
